
Microsoft Visual Studio Solution File, Format Version 12.00
# Visual Studio Version 17
VisualStudioVersion = 17.5.002.0
MinimumVisualStudioVersion = 10.0.40219.1
Project("{9A19103F-16F7-4668-BE54-9A1E7A4F7556}") = "Tinhchisocannang", "Tinhchisocannang.csproj", "{2C806F5E-8093-4126-AE15-FA4F61559AA4}"
EndProject
Global
	GlobalSection(SolutionConfigurationPlatforms) = preSolution
		Debug|Any CPU = Debug|Any CPU
		Release|Any CPU = Release|Any CPU
	EndGlobalSection
	GlobalSection(ProjectConfigurationPlatforms) = postSolution
		{2C806F5E-8093-4126-AE15-FA4F61559AA4}.Debug|Any CPU.ActiveCfg = Debug|Any CPU
		{2C806F5E-8093-4126-AE15-FA4F61559AA4}.Debug|Any CPU.Build.0 = Debug|Any CPU
		{2C806F5E-8093-4126-AE15-FA4F61559AA4}.Release|Any CPU.ActiveCfg = Release|Any CPU
		{2C806F5E-8093-4126-AE15-FA4F61559AA4}.Release|Any CPU.Build.0 = Release|Any CPU
	EndGlobalSection
	GlobalSection(SolutionProperties) = preSolution
		HideSolutionNode = FALSE
	EndGlobalSection
	GlobalSection(ExtensibilityGlobals) = postSolution
		SolutionGuid = {FED899FD-1310-4AFB-898F-8020D3E16AE2}
	EndGlobalSection
EndGlobal
